cloud.google.com/go v0.26.0/go.mod h1:aQUYkXzVsufM+DwF1aE+0xfcU+56JwCaLick0ClmMTw=
github.com/Azure/azure-sdk-for-go v19.1.0+incompatible/go.mod h1:9XXNKU+eRnpl9moKnB4QOLf1HestfXbmab5FXxiDBjc=
github.com/Azure/go-autorest v10.15.2+incompatible/go.mod h1:r+4oMnoxhatjLLJ6zxSWATqVooLgysK6ZNox3g/xq24=
github.com/JamesClonk/vultr v0.0.0-20180101102256-fa1c0367800d/go.mod h1:k9Jhe7M4bxsOOTMtsXQ0Hj7R7vw0FW4Q4jVJrPis9a8=
github.com/OpenDNS/vegadns2client v0.0.0-20180418235048-a3fa4a771d87/go.mod h1:iGLljf5n9GjT6kc0HBvyI1nOKnGQbNB66VzSNbK5iks=
github.com/akamai/AkamaiOPEN-edgegrid-golang v0.7.3/go.mod h1:eXWHAoXwqXM7CFZpE8zdz9OVRk4G8BCR1mDwYvIyFsA=
github.com/aliyun/alibaba-cloud-sdk-go v0.0.0-20180828111155-cad214d7d71f/go.mod h1:T9M45xf79ahXVelWoOBmH0y4aC1t5kXO5BxwyakgIGA=
github.com/aliyun/alibaba-cloud-sdk-go v0.0.0-20190203032130-408505a5fba8 h1:CWk6Uovt+dV65LEQ6lvGukxVjoIeK+oMc2k7WEkIo/w=
github.com/aliyun/alibaba-cloud-sdk-go v0.0.0-20190203032130-408505a5fba8/go.mod h1:T9M45xf79ahXVelWoOBmH0y4aC1t5kXO5BxwyakgIGA=
github.com/aws/aws-sdk-go v1.15.23/go.mod h1:mFuSZ37Z9YOHbQEwBWztmVzqXrEkub65tZoCYDt7FT0=
github.com/blang/semver v3.5.1+incompatible/go.mod h1:kRBLl5iJ+tD4TcOOxsy/0fnwebNt5EWlYSAyrTnjyyk=
github.com/cenkalti/backoff v2.1.1+incompatible h1:tKJnvO2kl0zmb/jA5UKAt4VoEVw1qxKWjE/Bpp46npY=
github.com/cenkalti/backoff v2.1.1+incompatible/go.mod h1:90ReRw6GdpyfrHakVjL/QHaoyV4aDUVVkXQJJJ3NXXM=
github.com/cloudflare/cloudflare-go v0.8.5/go.mod h1:8KhU6K+zHUEWOSU++mEQYf7D9UZOcQcibUoSm6vCUz4=
github.com/cpu/goacmedns v0.0.0-20180701200144-565ecf2a84df/go.mod h1:sesf/pNnCYwUevQEQfEwY0Y3DydlQWSGZbaMElOWxok=
github.com/davecgh/go-spew v1.1.0/go.mod h1:J7Y8YcW2NihsgmVo/mv3lAwl/skON4iLHjSsI+c5H38=
github.com/davecgh/go-spew v1.1.1/go.mod h1:J7Y8YcW2NihsgmVo/mv3lAwl/skON4iLHjSsI+c5H38=
github.com/decker502/dnspod-go v0.0.0-20180416134550-83a3ba562b04/go.mod h1:1xTEhqHsJ0UdTJTGBagkADAOwd/7ulfYdlQwJcqdSHs=
github.com/dgrijalva/jwt-go v3.2.0+incompatible/go.mod h1:E3ru+11k8xSBh+hMPgOLZmtrrCbhqsmaPHjLKYnJCaQ=
github.com/dimchansky/utfbom v1.0.0/go.mod h1:rO41eb7gLfo8SF1jd9F8HplJm1Fewwi4mQvIirEdv+8=
github.com/dnsimple/dnsimple-go v0.21.0/go.mod h1:0FYu4qVNv/UcfZPNwa9zi68IkggJu3TIwM54D7rhmI4=
github.com/exoscale/egoscale v0.11.6/go.mod h1:Ee3U4ZjSDpbbEc9VkQ/jttUU8USE8Nv7L3YzVi03Y1U=
github.com/fatih/structs v1.1.0/go.mod h1:9NiDSp5zOcgEDl+j00MP/WkGVPOlPRLejGD8Ga6PJ7M=
github.com/flynn/go-shlex v0.0.0-20150515145356-3f9db97f8568 h1:BHsljHzVlRcyQhjrss6TZTdY2VfCqZPbv5k3iBFa2ZQ=
github.com/flynn/go-shlex v0.0.0-20150515145356-3f9db97f8568/go.mod h1:xEzjJPgXI435gkrCt3MPfRiAkVrwSbHsst4LCFVfpJc=
github.com/go-ini/ini v1.25.4/go.mod h1:ByCAeIL28uOIIG0E3PJtZPDL8WnHpFKFOtgjp+3Ies8=
github.com/go-ini/ini v1.38.2/go.mod h1:ByCAeIL28uOIIG0E3PJtZPDL8WnHpFKFOtgjp+3Ies8=
github.com/go-resty/resty v1.8.0/go.mod h1:n37daLLGIHq2FFYHxg+FYQiwA95FpfNI+A9uxoIYGRk=
github.com/golang/protobuf v1.2.0/go.mod h1:6lQm79b+lXiMfvg/cZm0SGofjICqVBUtrP5yJMmIC1U=
github.com/google/go-querystring v0.0.0-20170111101155-53e6ce116135/go.mod h1:odCYkC5MyYFN7vkCjXpyrEuKhc/BUO6wN/zVPAxq5ck=
github.com/google/uuid v0.0.0-20161128191214-064e2069ce9c/go.mod h1:TIyPZe4MgqvfeYDBFedMoGGpEw/LqOeaOT+nhxU+yHo=
github.com/google/uuid v1.1.0 h1:Jf4mxPC/ziBnoPIdpQdPJ9OeiomAUHLvxmPRSPH9m4s=
github.com/google/uuid v1.1.0/go.mod h1:TIyPZe4MgqvfeYDBFedMoGGpEw/LqOeaOT+nhxU+yHo=
github.com/gophercloud/gophercloud v0.0.0-20190204021847-a2b0ad6ce68c/go.mod h1:3WdhXV3rUYy9p6AUW8d94kr+HS62Y4VL9mBnFxsD8q4=
github.com/iij/doapi v0.0.0-20180911005243-8803795a9b7b/go.mod h1:QMZY7/J/KSQEhKWFeDesPjMj+wCHReeknARU3wqlyN4=
github.com/jmespath/go-jmespath v0.0.0-20160202185014-0b12d6b521d8/go.mod h1:Nht3zPeWKUH0NzdCt2Blrr5ys8VGpn0CEB0cQHVjt7k=
github.com/jmespath/go-jmespath v0.0.0-20180206201540-c2b33e8439af h1:pmfjZENx5imkbgOkpRUYLnmbU7UEFbjtDA2hxJ1ichM=
github.com/jmespath/go-jmespath v0.0.0-20180206201540-c2b33e8439af/go.mod h1:Nht3zPeWKUH0NzdCt2Blrr5ys8VGpn0CEB0cQHVjt7k=
github.com/json-iterator/go v1.1.5 h1:gL2yXlmiIo4+t+y32d4WGwOjKGYcGOuyrg46vadswDE=
github.com/json-iterator/go v1.1.5/go.mod h1:+SdeFBvtyEkXs7REEP0seUULqWtbJapLOCVDaaPEHmU=
github.com/juju/ratelimit v1.0.1/go.mod h1:qapgC/Gy+xNh9UxzV13HGGl/6UXNN+ct+vwSgWNm/qk=
github.com/klauspost/cpuid v1.2.0 h1:NMpwD2G9JSFOE1/TJjGSo5zG7Yb2bTe7eq1jH+irmeE=
github.com/klauspost/cpuid v1.2.0/go.mod h1:Pj4uuM528wm8OyEC2QMXAi2YiTZ96dNQPGgoMS4s3ek=
github.com/kolo/xmlrpc v0.0.0-20181023172212-16bdd962781d/go.mod h1:o03bZfuBwAXHetKXuInt4S7omeXUu62/A845kiycsSQ=
github.com/kr/pretty v0.1.0/go.mod h1:dAy3ld7l9f0ibDNOQOHHMYYIIbhfbHSm3C4ZsoJORNo=
github.com/kr/pty v1.1.1/go.mod h1:pFQYn66WHrOpPYNljwOMqo10TkYh1fy3cYio2l3bCsQ=
github.com/kr/text v0.1.0/go.mod h1:4Jbv+DJW3UT/LiOwJeYQe1efqtUx/iVham/4vfdArNI=
github.com/linode/linodego v0.5.1/go.mod h1:ga11n3ivecUrPCHN0rANxKmfWBJVkOXfLMZinAbj2sY=
github.com/mattn/go-isatty v0.0.3/go.mod h1:M+lRXTBqGeGNdLjl/ufCoiOlB5xdOkqRJdNxMWT7Zi4=
github.com/mattn/go-runewidth v0.0.2/go.mod h1:LwmH8dsx7+W8Uxz3IHJYH5QSwggIsqBzpuz5H//U1FU=
github.com/mattn/go-tty v0.0.0-20180219170247-931426f7535a/go.mod h1:XPvLUNfbS4fJH25nqRHfWLMa1ONC8Amw+mIA639KxkE=
github.com/mholt/caddy v0.11.3 h1:znIxClGweLx4sX0MxNEb/4QjGmOYAiWZAHFR5Qixr70=
github.com/mholt/caddy v0.11.3/go.mod h1:Wb1PlT4DAYSqOEd03MsqkdkXnTxA8v9pKjdpxbqM1kY=
github.com/mholt/certmagic v0.0.0-20190204191230-f92e85346d81 h1:hC5VLoR9AHOEH8FRrnNcVsA+wOjq6vtwKHZWvGF8/ZY=
github.com/mholt/certmagic v0.0.0-20190204191230-f92e85346d81/go.mod h1:uJBTUhq6XCiKTEvjMlEy3iOqAFuYwhOh2TXYp/9uMv8=
github.com/miekg/dns v1.1.0/go.mod h1:W1PPwlIAgtquWBMBEV9nkV9Cazfe8ScdGz/Lj7v3Nrg=
github.com/miekg/dns v1.1.3/go.mod h1:W1PPwlIAgtquWBMBEV9nkV9Cazfe8ScdGz/Lj7v3Nrg=
github.com/miekg/dns v1.1.4 h1:rCMZsU2ScVSYcAsOXgmC6+AKOK+6pmQTOcw03nfwYV0=
github.com/miekg/dns v1.1.4/go.mod h1:W1PPwlIAgtquWBMBEV9nkV9Cazfe8ScdGz/Lj7v3Nrg=
github.com/mitchellh/go-homedir v1.0.0/go.mod h1:SfyaCUpYCn1Vlf4IUYiD9fPX4A5wJrkLzIz1N1q0pr0=
github.com/mitchellh/go-vnc v0.0.0-20150629162542-723ed9867aed/go.mod h1:3rdaFaCv4AyBgu5ALFM0+tSuHrBh6v692nyQe3ikrq0=
github.com/mitchellh/mapstructure v1.1.2/go.mod h1:FVVH3fgwuzCH5S8UJGiWEs2h04kUh9fWfEaFds41c1Y=
github.com/modern-go/concurrent v0.0.0-20180306012644-bacd9c7ef1dd h1:TRLaZ9cD/w8PVh93nsPXa1VrQ6jlwL5oN8l14QlcNfg=
github.com/modern-go/concurrent v0.0.0-20180306012644-bacd9c7ef1dd/go.mod h1:6dJC0mAP4ikYIbvyc7fijjWJddQyLn8Ig3JB5CqoB9Q=
github.com/modern-go/reflect2 v0.0.0-20180701023420-4b7aa43c6742/go.mod h1:bx2lNnkwVCuqBIxFjflWJWanXIb3RllmbCylyMrvgv0=
github.com/modern-go/reflect2 v1.0.1 h1:9f412s+6RmYXLWZSEzVVgPGK7C2PphHj5RJrvfx9AWI=
github.com/modern-go/reflect2 v1.0.1/go.mod h1:bx2lNnkwVCuqBIxFjflWJWanXIb3RllmbCylyMrvgv0=
github.com/motemen/gobump v0.0.0-20170609005736-b5563e1d8b75/go.mod h1:bJBHskFfPJ5RT+ERdz949lt6jPVTKl2v3KjIbbeQx/A=
github.com/namedotcom/go v0.0.0-20180403034216-08470befbe04/go.mod h1:5sN+Lt1CaY4wsPvgQH/jsuJi4XO2ssZbdsIizr4CVC8=
github.com/nrdcg/auroradns v1.0.0/go.mod h1:6JPXKzIRzZzMqtTDgueIhTi6rFf1QvYE/HzqidhOhjw=
github.com/nrdcg/goinwx v0.6.0/go.mod h1:Yr0foJtWXDn72OqtUeJ7OUo2GkF4cJE9QGX5tfBeBaA=
github.com/ovh/go-ovh v0.0.0-20180717143715-c3e61035ea66/go.mod h1:joRatxRJaZBsY3JAOEMcoOp05CnZzsx4scTxi95DHyQ=
github.com/pkg/errors v0.8.0/go.mod h1:bwawxfHBFNV+L2hUp1rHADufV3IMtnDRdf1r5NINEl0=
github.com/pmezard/go-difflib v1.0.0/go.mod h1:iKH77koFhYxTK1pcRnkKkqfTogsbg7gZNVY4sRDYZ/4=
github.com/rainycape/memcache v0.0.0-20150622160815-1031fa0ce2f2/go.mod h1:7tZKcyumwBO6qip7RNQ5r77yrssm9bfCowcLEBcU5IA=
github.com/sacloud/libsacloud v1.1.0/go.mod h1:js4lAYJrwAUoE6xR+xw+yFtwCBII98zgFGsT6gwXd8I=
github.com/satori/go.uuid v1.2.0 h1:0uYX9dsZ2yD7q2RtLRtPSdGDWzjeM3TbMJP9utgA0ww=
github.com/satori/go.uuid v1.2.0/go.mod h1:dA0hQrYB0VpLJoorglMZABFdXlWrHn1NEOzdhQKdks0=
github.com/shynome/lego v0.0.0-20190214135001-b24503c5d4e2 h1:3MYf7kz6qbIhwu4OIH2WcsYKaiAkON6HJ6bghx+YfuE=
github.com/shynome/lego v0.0.0-20190214135001-b24503c5d4e2/go.mod h1:gOd6ae+YlrqNf+rA4n2vGjRiHZs4/x+3DFozkpVR47g=
github.com/sirupsen/logrus v1.0.6/go.mod h1:pMByvHTf9Beacp5x1UXfOR9xyW/9antXMhjMPG0dEzc=
github.com/skratchdot/open-golang v0.0.0-20160302144031-75fb7ed4208c/go.mod h1:sUM3LWHvSMaG192sy56D9F7CNvL7jUJVXoqM1QKLnog=
github.com/stretchr/objx v0.1.0/go.mod h1:HFkY916IF+rwdDfMAkV7OtwuqBVzrE8GR6GFx+wExME=
github.com/stretchr/objx v0.1.1/go.mod h1:HFkY916IF+rwdDfMAkV7OtwuqBVzrE8GR6GFx+wExME=
github.com/stretchr/testify v1.2.2/go.mod h1:a8OnRcib4nhh0OaRAV+Yts87kKdq0PP7pXfy6kDkUVs=
github.com/stretchr/testify v1.3.0/go.mod h1:M5WIy9Dh21IEIfnGCwXGc5bZfKNJtfHm1UVUgZn+9EI=
github.com/timewasted/linode v0.0.0-20160829202747-37e84520dcf7/go.mod h1:imsgLplxEC/etjIhdr3dNzV3JeT27LbVu5pYWm0JCBY=
github.com/transip/gotransip v5.8.1+incompatible/go.mod h1:uacMoJVmrfOcscM4Bi5NVg708b7c6rz2oDTWqa7i2Ic=
github.com/urfave/cli v1.20.0/go.mod h1:70zkFmudgCuE/ngEzBv17Jvp/497gISqfk5gWijbERA=
golang.org/x/crypto v0.0.0-20180621125126-a49355c7e3f8/go.mod h1:6SG95UA2DQfeDnfUPMdvaQW0Q7yPrPDi9nlGo2tz2b4=
golang.org/x/crypto v0.0.0-20180820150726-614d502a4dac/go.mod h1:6SG95UA2DQfeDnfUPMdvaQW0Q7yPrPDi9nlGo2tz2b4=
golang.org/x/crypto v0.0.0-20190123085648-057139ce5d2b h1:Elez2XeF2p9uyVj0yEUDqQ56NFcDtcBNkYP7yv8YbUE=
golang.org/x/crypto v0.0.0-20190123085648-057139ce5d2b/go.mod h1:6SG95UA2DQfeDnfUPMdvaQW0Q7yPrPDi9nlGo2tz2b4=
golang.org/x/lint v0.0.0-20181011164241-5906bd5c48cd/go.mod h1:UVdnD1Gm6xHRNCYTkRU2/jEulfH38KcIWyp/GAMgvoE=
golang.org/x/net v0.0.0-20180611182652-db08ff08e862/go.mod h1:mL1N/T3taQHkDXs73rZJwtUhF3w3ftmwwsq0BUmARs4=
golang.org/x/net v0.0.0-20180826012351-8a410e7b638d/go.mod h1:mL1N/T3taQHkDXs73rZJwtUhF3w3ftmwwsq0BUmARs4=
golang.org/x/net v0.0.0-20190125091013-d26f9f9a57f3 h1:ulvT7fqt0yHWzpJwI57MezWnYDVpCAYBVuYst/L+fAY=
golang.org/x/net v0.0.0-20190125091013-d26f9f9a57f3/go.mod h1:mL1N/T3taQHkDXs73rZJwtUhF3w3ftmwwsq0BUmARs4=
golang.org/x/oauth2 v0.0.0-20180821212333-d2e6202438be/go.mod h1:N/0e6XlmueqKjAGxoOufVs8QHGRruUQn6yWY3a++T0U=
golang.org/x/sync v0.0.0-20181221193216-37e7f081c4d4/go.mod h1:RxMgew5VJxzue5/jJTE5uejpjVlOe/izrB70Jof72aM=
golang.org/x/sys v0.0.0-20180622082034-63fc586f45fe/go.mod h1:STP8DvDyc/dI5b8T5hshtkjS+E42TnysNCUPdjciGhY=
golang.org/x/sys v0.0.0-20180828065106-d99a578cf41b/go.mod h1:STP8DvDyc/dI5b8T5hshtkjS+E42TnysNCUPdjciGhY=
golang.org/x/sys v0.0.0-20190124100055-b90733256f2e/go.mod h1:STP8DvDyc/dI5b8T5hshtkjS+E42TnysNCUPdjciGhY=
golang.org/x/text v0.3.0 h1:g61tztE5qeGQ89tm6NTjjM9VPIm088od1l6aSorWRWg=
golang.org/x/text v0.3.0/go.mod h1:NqM8EUOU14njkJ3fqMW+pc6Ldnwhi/IjpwHt7yyuwOQ=
golang.org/x/time v0.0.0-20180412165947-fbb02b2291d2/go.mod h1:tRJNPiyCQ0inRvYxbN9jk5I+vvW/OXSQhTDSoE431IQ=
golang.org/x/tools v0.0.0-20181022211751-9650c66da3ff/go.mod h1:n7NCudcB/nEzxVGmLbDWY5pfWTLqBcC2KZ6jyYvM4mQ=
google.golang.org/api v0.0.0-20180829000535-087779f1d2c9/go.mod h1:4mhQ8q/RsB7i+udVvVy5NUi08OU8ZlA0gRVgrF7VFY0=
google.golang.org/appengine v1.1.0/go.mod h1:EbEs0AVv82hx2wNQdGPgUI5lhzA/G0D9YwlJXL52JkM=
gopkg.in/check.v1 v1.0.0-20180628173108-788fd7840127/go.mod h1:Co6ibVJAznAaIkqp8huTwlJQCZ016jof/cbN4VW5Yz0=
gopkg.in/ini.v1 v1.38.2/go.mod h1:pNLf8WUiyNEtQjuu5G5vTm06TEv9tsIgeAvK8hOrP4k=
gopkg.in/ns1/ns1-go.v2 v2.0.0-20180828122412-028658c6d9be/go.mod h1:VV+3haRsgDiVLxyifmMBrBIuCWFBPYKbRssXB9z67Hw=
gopkg.in/square/go-jose.v2 v2.1.9/go.mod h1:M9dMgbHiYLoDGQrXy7OpJDJWiKiU//h+vD76mk0e1AI=
gopkg.in/square/go-jose.v2 v2.2.2 h1:orlkJ3myw8CN1nVQHBFfloD+L3egixIa4FvUP6RosSA=
gopkg.in/square/go-jose.v2 v2.2.2/go.mod h1:M9dMgbHiYLoDGQrXy7OpJDJWiKiU//h+vD76mk0e1AI=
